PODS:
  - Alamofire (3.4.1)
  - AlamofireJsonToObjects (1.6.0):
    - Alamofire
    - EVReflection
  - AlamofireObjectMapper (3.0.2):
    - Alamofire (~> 3.2)
    - ObjectMapper (~> 1.0)
  - EVReflection (2.42.2)
  - ImageLoader (0.9.0)
  - ObjectMapper (1.3.0)
  - VK-ios-sdk (1.4.3)

DEPENDENCIES:
  - Alamofire (~> 3.4)
  - AlamofireJsonToObjects
  - AlamofireObjectMapper (~> 3.0)
  - ImageLoader
  - VK-ios-sdk

SPEC CHECKSUMS:
  Alamofire: 01a82e2f6c0f860ade35534c8dd88be61bdef40c
  AlamofireJsonToObjects: e5155c1c58493c44d7ebe56bbb1aa65d95e82c68
  AlamofireObjectMapper: 70f97cbf45c01c48d26aa07a1a7059a60ed7411d
  EVReflection: 82ca5595f84e51474017eb11ebecc4a67bb151cb
  ImageLoader: bb709e5b2708158da405760f42c75e7e52b561b5
  ObjectMapper: 4eb08a726e9791a93b2632049951b56a7c17e471
  VK-ios-sdk: 7b278cc3f758be0054d8442efb063c2752bd7efc

PODFILE CHECKSUM: 4105128168d8fb42b543a7e19c45e0a3819c21e6

COCOAPODS: 1.0.1
